
Microsoft Visual Studio Solution File, Format Version 12.00
# Visual Studio 15
VisualStudioVersion = 15.0.28307.421
MinimumVisualStudioVersion = 10.0.40219.1
Project("{FAE04EC0-301F-11D3-BF4B-00C04F79EFBC}") = "ProjectTraning", "ProjectTraning\ProjectTraning.csproj", "{3DEE5009-B585-4560-A6F8-4392D91EF5F0}"
EndProject
Project("{FAE04EC0-301F-11D3-BF4B-00C04F79EFBC}") = "Paract.15_06", "Paract.15_06\Paract.15_06.csproj", "{45F973B1-8D16-4FDD-8E4B-5A3701B7879E}"
EndProject
Global
	GlobalSection(SolutionConfigurationPlatforms) = preSolution
		Debug|Any CPU = Debug|Any CPU
		Release|Any CPU = Release|Any CPU
	EndGlobalSection
	GlobalSection(ProjectConfigurationPlatforms) = postSolution
		{3DEE5009-B585-4560-A6F8-4392D91EF5F0}.Debug|Any CPU.ActiveCfg = Debug|Any CPU
		{3DEE5009-B585-4560-A6F8-4392D91EF5F0}.Debug|Any CPU.Build.0 = Debug|Any CPU
		{3DEE5009-B585-4560-A6F8-4392D91EF5F0}.Release|Any CPU.ActiveCfg = Release|Any CPU
		{3DEE5009-B585-4560-A6F8-4392D91EF5F0}.Release|Any CPU.Build.0 = Release|Any CPU
		{45F973B1-8D16-4FDD-8E4B-5A3701B7879E}.Debug|Any CPU.ActiveCfg = Debug|Any CPU
		{45F973B1-8D16-4FDD-8E4B-5A3701B7879E}.Debug|Any CPU.Build.0 = Debug|Any CPU
		{45F973B1-8D16-4FDD-8E4B-5A3701B7879E}.Release|Any CPU.ActiveCfg = Release|Any CPU
		{45F973B1-8D16-4FDD-8E4B-5A3701B7879E}.Release|Any CPU.Build.0 = Release|Any CPU
	EndGlobalSection
	GlobalSection(SolutionProperties) = preSolution
		HideSolutionNode = FALSE
	EndGlobalSection
	GlobalSection(ExtensibilityGlobals) = postSolution
		SolutionGuid = {3EF41CE5-E36F-45B2-9BCC-CB8884B7B411}
	EndGlobalSection
EndGlobal
